// !$*UTF8*$!
{
	archiveVersion = 1;
	classes = {
	};
	objectVersion = 50;
	objects = {

/* Begin PBXBuildFile section */
		3604489921D71529002A9725 /* AppDelegate.swift in Sources */ = {isa = PBXBuildFile; fileRef = 3604489821D71529002A9725 /* AppDelegate.swift */; };
		3604489B21D71529002A9725 /* ViewController.swift in Sources */ = {isa = PBXBuildFile; fileRef = 3604489A21D71529002A9725 /* ViewController.swift */; };
		3604489E21D71529002A9725 /* Main.storyboard in Resources */ = {isa = PBXBuildFile; fileRef = 3604489C21D71529002A9725 /* Main.storyboard */; };
		360448A021D7152A002A9725 /* Assets.xcassets in Resources */ = {isa = PBXBuildFile; fileRef = 3604489F21D7152A002A9725 /* Assets.xcassets */; };
		360448A321D7152A002A9725 /* LaunchScreen.storyboard in Resources */ = {isa = PBXBuildFile; fileRef = 360448A121D7152A002A9725 /* LaunchScreen.storyboard */; };
		5C23381E6ED4200A95C3009C /* Pods_TestSlideOut.framework in Frameworks */ = {isa = PBXBuildFile; fileRef = 4FB32C05F52622B684D25BE8 /* Pods_TestSlideOut.framework */; };
/* End PBXBuildFile section */

/* Begin PBXFileReference section */
		3604489521D71529002A9725 /* TestSlideOut.app */ = {isa = PBXFileReference; explicitFileType = wrapper.application; includeInIndex = 0; path = TestSlideOut.app; sourceTree = BUILT_PRODUCTS_DIR; };
		3604489821D71529002A9725 /* AppDelegate.swift */ = {isa = PBXFileReference; lastKnownFileType = sourcecode.swift; path = AppDelegate.swift; sourceTree = "<group>"; };
		3604489A21D71529002A9725 /* ViewController.swift */ = {isa = PBXFileReference; lastKnownFileType = sourcecode.swift; path = ViewController.swift; sourceTree = "<group>"; };
		3604489D21D71529002A9725 /* Base */ = {isa = PBXFileReference; lastKnownFileType = file.storyboard; name = Base; path = Base.lproj/Main.storyboard; sourceTree = "<group>"; };
		3604489F21D7152A002A9725 /* Assets.xcassets */ = {isa = PBXFileReference; lastKnownFileType = folder.assetcatalog; path = Assets.xcassets; sourceTree = "<group>"; };
		360448A221D7152A002A9725 /* Base */ = {isa = PBXFileReference; lastKnownFileType = file.storyboard; name = Base; path = Base.lproj/LaunchScreen.storyboard; sourceTree = "<group>"; };
		360448A421D7152A002A9725 /* Info.plist */ = {isa = PBXFileReference; lastKnownFileType = text.plist.xml; path = Info.plist; sourceTree = "<group>"; };
		3BCF178BC7B02DCAF423F9FD /* Pods-TestSlideOut.release.xcconfig */ = {isa = PBXFileReference; includeInIndex = 1; lastKnownFileType = text.xcconfig; name = "Pods-TestSlideOut.release.xcconfig"; path = "Pods/Target Support Files/Pods-TestSlideOut/Pods-TestSlideOut.release.xcconfig"; sourceTree = "<group>"; };
		4804AB46E880B0072DBD34E7 /* Pods-TestSlideOut.debug.xcconfig */ = {isa = PBXFileReference; includeInIndex = 1; lastKnownFileType = text.xcconfig; name = "Pods-TestSlideOut.debug.xcconfig"; path = "Pods/Target Support Files/Pods-TestSlideOut/Pods-TestSlideOut.debug.xcconfig"; sourceTree = "<group>"; };
		4FB32C05F52622B684D25BE8 /* Pods_TestSlideOut.framework */ = {isa = PBXFileReference; explicitFileType = wrapper.framework; includeInIndex = 0; path = Pods_TestSlideOut.framework; sourceTree = BUILT_PRODUCTS_DIR; };
/* End PBXFileReference section */

/* Begin PBXFrameworksBuildPhase section */
		3604489221D71529002A9725 /* Frameworks */ = {
			isa = PBXFrameworksBuildPhase;
			buildActionMask = 2147483647;
			files = (
				5C23381E6ED4200A95C3009C /* Pods_TestSlideOut.framework in Frameworks */,
			);
			runOnlyForDeploymentPostprocessing = 0;
		};
/* End PBXFrameworksBuildPhase section */

/* Begin PBXGroup section */
		2119FDAB99B90D7D49C89ACA /* Pods */ = {
			isa = PBXGroup;
			children = (
				4804AB46E880B0072DBD34E7 /* Pods-TestSlideOut.debug.xcconfig */,
				3BCF178BC7B02DCAF423F9FD /* Pods-TestSlideOut.release.xcconfig */,
			);
			name = Pods;
			sourceTree = "<group>";
		};
		2604D43CB6315902774A16F2 /* Frameworks */ = {
			isa = PBXGroup;
			children = (
				4FB32C05F52622B684D25BE8 /* Pods_TestSlideOut.framework */,
			);
			name = Frameworks;
			sourceTree = "<group>";
		};
		3604488C21D71529002A9725 = {
			isa = PBXGroup;
			children = (
				3604489721D71529002A9725 /* TestSlideOut */,
				3604489621D71529002A9725 /* Products */,
				2119FDAB99B90D7D49C89ACA /* Pods */,
				2604D43CB6315902774A16F2 /* Frameworks */,
			);
			sourceTree = "<group>";
		};
		3604489621D71529002A9725 /* Products */ = {
			isa = PBXGroup;
			children = (
				3604489521D71529002A9725 /* TestSlideOut.app */,
			);
			name = Products;
			sourceTree = "<group>";
		};
		3604489721D71529002A9725 /* TestSlideOut */ = {
			isa = PBXGroup;
			children = (
				3604489821D71529002A9725 /* AppDelegate.swift */,
				3604489A21D71529002A9725 /* ViewController.swift */,
				3604489C21D71529002A9725 /* Main.storyboard */,
				3604489F21D7152A002A9725 /* Assets.xcassets */,
				360448A121D7152A002A9725 /* LaunchScreen.storyboard */,
				360448A421D7152A002A9725 /* Info.plist */,
			);
			path = TestSlideOut;
			sourceTree = "<group>";
		};
/* End PBXGroup section */

/* Begin PBXNativeTarget section */
		3604489421D71529002A9725 /* TestSlideOut */ = {
			isa = PBXNativeTarget;
			buildConfigurationList = 360448A721D7152A002A9725 /* Build configuration list for PBXNativeTarget "TestSlideOut" */;
			buildPhases = (
				4D5B1B94DB43371B1BF8BA2E /* [CP] Check Pods Manifest.lock */,
				3604489121D71529002A9725 /* Sources */,
				3604489221D71529002A9725 /* Frameworks */,
				3604489321D71529002A9725 /* Resources */,
				E06B16D712696C8D550D9EBD /* [CP] Embed Pods Frameworks */,
			);
			buildRules = (
			);
			dependencies = (
			);
			name = TestSlideOut;
			productName = TestSlideOut;
			productReference = 3604489521D71529002A9725 /* TestSlideOut.app */;
			productType = "com.apple.product-type.application";
		};
/* End PBXNativeTarget section */

/* Begin PBXProject section */
		3604488D21D71529002A9725 /* Project object */ = {
			isa = PBXProject;
			attributes = {
				LastSwiftUpdateCheck = 1010;
				LastUpgradeCheck = 1010;
				ORGANIZATIONNAME = "Michael Crump";
				TargetAttributes = {
					3604489421D71529002A9725 = {
						CreatedOnToolsVersion = 10.1;
					};
				};
			};
			buildConfigurationList = 3604489021D71529002A9725 /* Build configuration list for PBXProject "TestSlideOut" */;
			compatibilityVersion = "Xcode 9.3";
			developmentRegion = en;
			hasScannedForEncodings = 0;
			knownRegions = (
				en,
				Base,
			);
			mainGroup = 3604488C21D71529002A9725;
			productRefGroup = 3604489621D71529002A9725 /* Products */;
			projectDirPath = "";
			projectRoot = "";
			targets = (
				3604489421D71529002A9725 /* TestSlideOut */,
			);
		};
/* End PBXProject section */

/* Begin PBXResourcesBuildPhase section */
		3604489321D71529002A9725 /* Resources */ = {
			isa = PBXResourcesBuildPhase;
			buildActionMask = 2147483647;
			files = (
				360448A321D7152A002A9725 /* LaunchScreen.storyboard in Resources */,
				360448A021D7152A002A9725 /* Assets.xcassets in Resources */,
				3604489E21D71529002A9725 /* Main.storyboard in Resources */,
			);
			runOnlyForDeploymentPostprocessing = 0;
		};
/* End PBXResourcesBuildPhase section */

/* Begin PBXShellScriptBuildPhase section */
		4D5B1B94DB43371B1BF8BA2E /* [CP] Check Pods Manifest.lock */ = {
			isa = PBXShellScriptBuildPhase;
			buildActionMask = 2147483647;
			files = (
			);
			inputFileListPaths = (
			);
			inputPaths = (
				"${PODS_PODFILE_DIR_PATH}/Podfile.lock",
				"${PODS_ROOT}/Manifest.lock",
			);
			name = "[CP] Check Pods Manifest.lock";
			outputFileListPaths = (
			);
			outputPaths = (
				"$(DERIVED_FILE_DIR)/Pods-TestSlideOut-checkManifestLockResult.txt",
			);
			runOnlyForDeploymentPostprocessing = 0;
			shellPath = /bin/sh;
			shellScript = "diff \"${PODS_PODFILE_DIR_PATH}/Podfile.lock\" \"${PODS_ROOT}/Manifest.lock\" > /dev/null\nif [ $? != 0 ] ; then\n    # print error to STDERR\n    echo \"error: The sandbox is not in sync with the Podfile.lock. Run 'pod install' or update your CocoaPods installation.\" >&2\n    exit 1\nfi\n# This output is used by Xcode 'outputs' to avoid re-running this script phase.\necho \"SUCCESS\" > \"${SCRIPT_OUTPUT_FILE_0}\"\n";
			showEnvVarsInLog = 0;
		};
		E06B16D712696C8D550D9EBD /* [CP] Embed Pods Frameworks */ = {
			isa = PBXShellScriptBuildPhase;
			buildActionMask = 2147483647;
			files = (
			);
			inputFileListPaths = (
			);
			inputPaths = (
				"${SRCROOT}/Pods/Target Support Files/Pods-TestSlideOut/Pods-TestSlideOut-frameworks.sh",
				"${BUILT_PRODUCTS_DIR}/SideMenu/SideMenu.framework",
			);
			name = "[CP] Embed Pods Frameworks";
			outputFileListPaths = (
			);
			outputPaths = (
				"${TARGET_BUILD_DIR}/${FRAMEWORKS_FOLDER_PATH}/SideMenu.framework",
			);
			runOnlyForDeploymentPostprocessing = 0;
			shellPath = /bin/sh;
			shellScript = "\"${SRCROOT}/Pods/Target Support Files/Pods-TestSlideOut/Pods-TestSlideOut-frameworks.sh\"\n";
			showEnvVarsInLog = 0;
		};
/* End PBXShellScriptBuildPhase section */

/* Begin PBXSourcesBuildPhase section */
		3604489121D71529002A9725 /* Sources */ = {
			isa = PBXSourcesBuildPhase;
			buildActionMask = 2147483647;
			files = (
				3604489B21D71529002A9725 /* ViewController.swift in Sources */,
				3604489921D71529002A9725 /* AppDelegate.swift in Sources */,
			);
			runOnlyForDeploymentPostprocessing = 0;
		};
/* End PBXSourcesBuildPhase section */

/* Begin PBXVariantGroup section */
		3604489C21D71529002A9725 /* Main.storyboard */ = {
			isa = PBXVariantGroup;
			children = (
				3604489D21D71529002A9725 /* Base */,
			);
			name = Main.storyboard;
			sourceTree = "<group>";
		};
		360448A121D7152A002A9725 /* LaunchScreen.storyboard */ = {
			isa = PBXVariantGroup;
			children = (
				360448A221D7152A002A9725 /* Base */,
			);
			name = LaunchScreen.storyboard;
			sourceTree = "<group>";
		};
/* End PBXVariantGroup section */

/* Begin XCBuildConfiguration section */
		360448A521D7152A002A9725 /* Debug */ = {
			isa = XCBuildConfiguration;
			buildSettings = {
				ALWAYS_SEARCH_USER_PATHS = NO;
				CLANG_ANALYZER_NONNULL = YES;
				CLANG_ANALYZER_NUMBER_OBJECT_CONVERSION = YES_AGGRESSIVE;
				CLANG_CXX_LANGUAGE_STANDARD = "gnu++14";
				CLANG_CXX_LIBRARY = "libc++";
				CLANG_ENABLE_MODULES = YES;
				CLANG_ENABLE_OBJC_ARC = YES;
				CLANG_ENABLE_OBJC_WEAK = YES;
				CLANG_WARN_BLOCK_CAPTURE_AUTORELEASING = YES;
				CLANG_WARN_BOOL_CONVERSION = YES;
				CLANG_WARN_COMMA = YES;
				CLANG_WARN_CONSTANT_CONVERSION = YES;
				CLANG_WARN_DEPRECATED_OBJC_IMPLEMENTATIONS = YES;
				CLANG_WARN_DIRECT_OBJC_ISA_USAGE = YES_ERROR;
				CLANG_WARN_DOCUMENTATION_COMMENTS = YES;
				CLANG_WARN_EMPTY_BODY = YES;
				CLANG_WARN_ENUM_CONVERSION = YES;
				CLANG_WARN_INFINITE_RECURSION = YES;
				CLANG_WARN_INT_CONVERSION = YES;
				CLANG_WARN_NON_LITERAL_NULL_CONVERSION = YES;
				CLANG_WARN_OBJC_IMPLICIT_RETAIN_SELF = YES;
				CLANG_WARN_OBJC_LITERAL_CONVERSION = YES;
				CLANG_WARN_OBJC_ROOT_CLASS = YES_ERROR;
				CLANG_WARN_RANGE_LOOP_ANALYSIS = YES;
				CLANG_WARN_STRICT_PROTOTYPES = YES;
				CLANG_WARN_SUSPICIOUS_MOVE = YES;
				CLANG_WARN_UNGUARDED_AVAILABILITY = YES_AGGRESSIVE;
				CLANG_WARN_UNREACHABLE_CODE = YES;
				CLANG_WARN__DUPLICATE_METHOD_MATCH = YES;
				CODE_SIGN_IDENTITY = "iPhone Developer";
				COPY_PHASE_STRIP = NO;
				DEBUG_INFORMATION_FORMAT = dwarf;
				ENABLE_STRICT_OBJC_MSGSEND = YES;
				ENABLE_TESTABILITY = YES;
				GCC_C_LANGUAGE_STANDARD = gnu11;
				GCC_DYNAMIC_NO_PIC = NO;
				GCC_NO_COMMON_BLOCKS = YES;
				GCC_OPTIMIZATION_LEVEL = 0;
				GCC_PREPROCESSOR_DEFINITIONS = (
					"DEBUG=1",
					"$(inherited)",
				);
				GCC_WARN_64_TO_32_BIT_CONVERSION = YES;
				GCC_WARN_ABOUT_RETURN_TYPE = YES_ERROR;
				GCC_WARN_UNDECLARED_SELECTOR = YES;
				GCC_WARN_UNINITIALIZED_AUTOS = YES_AGGRESSIVE;
				GCC_WARN_UNUSED_FUNCTION = YES;
				GCC_WARN_UNUSED_VARIABLE = YES;
				IPHONEOS_DEPLOYMENT_TARGET = 12.1;
				MTL_ENABLE_DEBUG_INFO = INCLUDE_SOURCE;
				MTL_FAST_MATH = YES;
				ONLY_ACTIVE_ARCH = YES;
				SDKROOT = iphoneos;
				SWIFT_ACTIVE_COMPILATION_CONDITIONS = DEBUG;
				SWIFT_OPTIMIZATION_LEVEL = "-Onone";
			};
			name = Debug;
		};
		360448A621D7152A002A9725 /* Release */ = {
			isa = XCBuildConfiguration;
			buildSettings = {
				ALWAYS_SEARCH_USER_PATHS = NO;
				CLANG_ANALYZER_NONNULL = YES;
				CLANG_ANALYZER_NUMBER_OBJECT_CONVERSION = YES_AGGRESSIVE;
				CLANG_CXX_LANGUAGE_STANDARD = "gnu++14";
				CLANG_CXX_LIBRARY = "libc++";
				CLANG_ENABLE_MODULES = YES;
				CLANG_ENABLE_OBJC_ARC = YES;
				CLANG_ENABLE_OBJC_WEAK = YES;
				CLANG_WARN_BLOCK_CAPTURE_AUTORELEASING = YES;
				CLANG_WARN_BOOL_CONVERSION = YES;
				CLANG_WARN_COMMA = YES;
				CLANG_WARN_CONSTANT_CONVERSION = YES;
				CLANG_WARN_DEPRECATED_OBJC_IMPLEMENTATIONS = YES;
				CLANG_WARN_DIRECT_OBJC_ISA_USAGE = YES_ERROR;
				CLANG_WARN_DOCUMENTATION_COMMENTS = YES;
				CLANG_WARN_EMPTY_BODY = YES;
				CLANG_WARN_ENUM_CONVERSION = YES;
				CLANG_WARN_INFINITE_RECURSION = YES;
				CLANG_WARN_INT_CONVERSION = YES;
				CLANG_WARN_NON_LITERAL_NULL_CONVERSION = YES;
				CLANG_WARN_OBJC_IMPLICIT_RETAIN_SELF = YES;
				CLANG_WARN_OBJC_LITERAL_CONVERSION = YES;
				CLANG_WARN_OBJC_ROOT_CLASS = YES_ERROR;
				CLANG_WARN_RANGE_LOOP_ANALYSIS = YES;
				CLANG_WARN_STRICT_PROTOTYPES = YES;
				CLANG_WARN_SUSPICIOUS_MOVE = YES;
				CLANG_WARN_UNGUARDED_AVAILABILITY = YES_AGGRESSIVE;
				CLANG_WARN_UNREACHABLE_CODE = YES;
				CLANG_WARN__DUPLICATE_METHOD_MATCH = YES;
				CODE_SIGN_IDENTITY = "iPhone Developer";
				COPY_PHASE_STRIP = NO;
				DEBUG_INFORMATION_FORMAT = "dwarf-with-dsym";
				ENABLE_NS_ASSERTIONS = NO;
				ENABLE_STRICT_OBJC_MSGSEND = YES;
				GCC_C_LANGUAGE_STANDARD = gnu11;
				GCC_NO_COMMON_BLOCKS = YES;
				GCC_WARN_64_TO_32_BIT_CONVERSION = YES;
				GCC_WARN_ABOUT_RETURN_TYPE = YES_ERROR;
				GCC_WARN_UNDECLARED_SELECTOR = YES;
				GCC_WARN_UNINITIALIZED_AUTOS = YES_AGGRESSIVE;
				GCC_WARN_UNUSED_FUNCTION = YES;
				GCC_WARN_UNUSED_VARIABLE = YES;
				IPHONEOS_DEPLOYMENT_TARGET = 12.1;
				MTL_ENABLE_DEBUG_INFO = NO;
				MTL_FAST_MATH = YES;
				SDKROOT = iphoneos;
				SWIFT_COMPILATION_MODE = wholemodule;
				SWIFT_OPTIMIZATION_LEVEL = "-O";
				VALIDATE_PRODUCT = YES;
			};
			name = Release;
		};
		360448A821D7152A002A9725 /* Debug */ = {
			isa = XCBuildConfiguration;
			baseConfigurationReference = 4804AB46E880B0072DBD34E7 /* Pods-TestSlideOut.debug.xcconfig */;
			buildSettings = {
				ASSETCATALOG_COMPILER_APPICON_NAME = AppIcon;
				CODE_SIGN_STYLE = Automatic;
				DEVELOPMENT_TEAM = FU3GVGK5AH;
				INFOPLIST_FILE = TestSlideOut/Info.plist;
				LD_RUNPATH_SEARCH_PATHS = (
					"$(inherited)",
					"@executable_path/Frameworks",
				);
				PRODUCT_BUNDLE_IDENTIFIER = net.michaelcrump.TestSlideOut;
				PRODUCT_NAME = "$(TARGET_NAME)";
				SWIFT_VERSION = 4.2;
				TARGETED_DEVICE_FAMILY = "1,2";
			};
			name = Debug;
		};
		360448A921D7152A002A9725 /* Release */ = {
			isa = XCBuildConfiguration;
			baseConfigurationReference = 3BCF178BC7B02DCAF423F9FD /* Pods-TestSlideOut.release.xcconfig */;
			buildSettings = {
				ASSETCATALOG_COMPILER_APPICON_NAME = AppIcon;
				CODE_SIGN_STYLE = Automatic;
				DEVELOPMENT_TEAM = FU3GVGK5AH;
				INFOPLIST_FILE = TestSlideOut/Info.plist;
				LD_RUNPATH_SEARCH_PATHS = (
					"$(inherited)",
					"@executable_path/Frameworks",
				);
				PRODUCT_BUNDLE_IDENTIFIER = net.michaelcrump.TestSlideOut;
				PRODUCT_NAME = "$(TARGET_NAME)";
				SWIFT_VERSION = 4.2;
				TARGETED_DEVICE_FAMILY = "1,2";
			};
			name = Release;
		};
/* End XCBuildConfiguration section */

/* Begin XCConfigurationList section */
		3604489021D71529002A9725 /* Build configuration list for PBXProject "TestSlideOut" */ = {
			isa = XCConfigurationList;
			buildConfigurations = (
				360448A521D7152A002A9725 /* Debug */,
				360448A621D7152A002A9725 /* Release */,
			);
			defaultConfigurationIsVisible = 0;
			defaultConfigurationName = Release;
		};
		360448A721D7152A002A9725 /* Build configuration list for PBXNativeTarget "TestSlideOut" */ = {
			isa = XCConfigurationList;
			buildConfigurations = (
				360448A821D7152A002A9725 /* Debug */,
				360448A921D7152A002A9725 /* Release */,
			);
			defaultConfigurationIsVisible = 0;
			defaultConfigurationName = Release;
		};
/* End XCConfigurationList section */
	};
	rootObject = 3604488D21D71529002A9725 /* Project object */;
}
